{
  "name": "@gorombo/gorombo-skill-harvester",
  "version": "0.1.4",
  "lockfileVersion": 3,
  "requires": true,
  "packages": {
    "": {
      "name": "@gorombo/gorombo-skill-harvester",
      "version": "0.1.4",
      "license": "MIT",
      "bin": {"gorombo-skill-harvester": "src/cli.js"},
      "engines": {"node": ">=22.13.0"}
    }
  }
}
